
Microsoft Visual Studio Solution File, Format Version 12.00
# Visual Studio Version 17
VisualStudioVersion = 17.8.34525.116
MinimumVisualStudioVersion = 10.0.40219.1
Project("{FAE04EC0-301F-11D3-BF4B-00C04F79EFBC}") = "Album_Api", "Album_Api\Album_Api.csproj", "{1AB36A5F-1857-4AA9-99E2-19B6A0C0955C}"
EndProject
Project("{FAE04EC0-301F-11D3-BF4B-00C04F79EFBC}") = "Album.DataAccess", "Album.DataAccess\Album.DataAccess.csproj", "{58938E60-5CE8-4DBE-AA7D-BBC154BFDA81}"
EndProject
Project("{FAE04EC0-301F-11D3-BF4B-00C04F79EFBC}") = "Album.DataProviders", "Album.DataProviders\Album.DataProviders.csproj", "{B9A71830-0FE2-4141-A204-4EDB724ED56E}"
EndProject
Project("{FAE04EC0-301F-11D3-BF4B-00C04F79EFBC}") = "Album.Infrastructure", "Album.Infrastructure\Album.Infrastructure.csproj", "{AE1316AE-7D82-4728-942F-59E07AA9A296}"
EndProject
Project("{FAE04EC0-301F-11D3-BF4B-00C04F79EFBC}") = "Album.Models", "Album.Models\Album.Models.csproj", "{FD5FA5DE-D9EA-41F6-B87F-56619D57BB42}"
EndProject
Global
	GlobalSection(SolutionConfigurationPlatforms) = preSolution
		Debug|Any CPU = Debug|Any CPU
		Release|Any CPU = Release|Any CPU
	EndGlobalSection
	GlobalSection(ProjectConfigurationPlatforms) = postSolution
		{1AB36A5F-1857-4AA9-99E2-19B6A0C0955C}.Debug|Any CPU.ActiveCfg = Debug|Any CPU
		{1AB36A5F-1857-4AA9-99E2-19B6A0C0955C}.Debug|Any CPU.Build.0 = Debug|Any CPU
		{1AB36A5F-1857-4AA9-99E2-19B6A0C0955C}.Release|Any CPU.ActiveCfg = Release|Any CPU
		{1AB36A5F-1857-4AA9-99E2-19B6A0C0955C}.Release|Any CPU.Build.0 = Release|Any CPU
		{58938E60-5CE8-4DBE-AA7D-BBC154BFDA81}.Debug|Any CPU.ActiveCfg = Debug|Any CPU
		{58938E60-5CE8-4DBE-AA7D-BBC154BFDA81}.Debug|Any CPU.Build.0 = Debug|Any CPU
		{58938E60-5CE8-4DBE-AA7D-BBC154BFDA81}.Release|Any CPU.ActiveCfg = Release|Any CPU
		{58938E60-5CE8-4DBE-AA7D-BBC154BFDA81}.Release|Any CPU.Build.0 = Release|Any CPU
		{B9A71830-0FE2-4141-A204-4EDB724ED56E}.Debug|Any CPU.ActiveCfg = Debug|Any CPU
		{B9A71830-0FE2-4141-A204-4EDB724ED56E}.Debug|Any CPU.Build.0 = Debug|Any CPU
		{B9A71830-0FE2-4141-A204-4EDB724ED56E}.Release|Any CPU.ActiveCfg = Release|Any CPU
		{B9A71830-0FE2-4141-A204-4EDB724ED56E}.Release|Any CPU.Build.0 = Release|Any CPU
		{AE1316AE-7D82-4728-942F-59E07AA9A296}.Debug|Any CPU.ActiveCfg = Debug|Any CPU
		{AE1316AE-7D82-4728-942F-59E07AA9A296}.Debug|Any CPU.Build.0 = Debug|Any CPU
		{AE1316AE-7D82-4728-942F-59E07AA9A296}.Release|Any CPU.ActiveCfg = Release|Any CPU
		{AE1316AE-7D82-4728-942F-59E07AA9A296}.Release|Any CPU.Build.0 = Release|Any CPU
		{FD5FA5DE-D9EA-41F6-B87F-56619D57BB42}.Debug|Any CPU.ActiveCfg = Debug|Any CPU
		{FD5FA5DE-D9EA-41F6-B87F-56619D57BB42}.Debug|Any CPU.Build.0 = Debug|Any CPU
		{FD5FA5DE-D9EA-41F6-B87F-56619D57BB42}.Release|Any CPU.ActiveCfg = Release|Any CPU
		{FD5FA5DE-D9EA-41F6-B87F-56619D57BB42}.Release|Any CPU.Build.0 = Release|Any CPU
	EndGlobalSection
	GlobalSection(SolutionProperties) = preSolution
		HideSolutionNode = FALSE
	EndGlobalSection
	GlobalSection(ExtensibilityGlobals) = postSolution
		SolutionGuid = {120EF489-3BE3-483C-820A-AEA6D426DE97}
	EndGlobalSection
EndGlobal
